
Microsoft Visual Studio Solution File, Format Version 12.00
# Visual Studio Version 17
VisualStudioVersion = 17.9.34723.18
MinimumVisualStudioVersion = 10.0.40219.1
Project("{FAE04EC0-301F-11D3-BF4B-00C04F79EFBC}") = "Simon", "Simon\Simon.csproj", "{8C8216EB-4843-480D-93C9-22B803DC3682}"
EndProject
Global
	GlobalSection(SolutionConfigurationPlatforms) = preSolution
		Debug|Any CPU = Debug|Any CPU
		Release|Any CPU = Release|Any CPU
	EndGlobalSection
	GlobalSection(ProjectConfigurationPlatforms) = postSolution
		{8C8216EB-4843-480D-93C9-22B803DC3682}.Debug|Any CPU.ActiveCfg = Debug|Any CPU
		{8C8216EB-4843-480D-93C9-22B803DC3682}.Debug|Any CPU.Build.0 = Debug|Any CPU
		{8C8216EB-4843-480D-93C9-22B803DC3682}.Release|Any CPU.ActiveCfg = Release|Any CPU
		{8C8216EB-4843-480D-93C9-22B803DC3682}.Release|Any CPU.Build.0 = Release|Any CPU
	EndGlobalSection
	GlobalSection(SolutionProperties) = preSolution
		HideSolutionNode = FALSE
	EndGlobalSection
	GlobalSection(ExtensibilityGlobals) = postSolution
		SolutionGuid = {A02B702D-B2E5-4394-9446-1C69F63C0158}
	EndGlobalSection
EndGlobal
